
Microsoft Visual Studio Solution File, Format Version 12.00
# Visual Studio Version 17
VisualStudioVersion = 17.0.31512.422
MinimumVisualStudioVersion = 10.0.40219.1
Project("{9A19103F-16F7-4668-BE54-9A1E7A4F7556}") = "SeleniumCSharp", "SeleniumCSharp\SeleniumCSharp.csproj", "{DCC0CAB8-B457-4423-A629-7FDF2646E775}"
EndProject
Project("{FAE04EC0-301F-11D3-BF4B-00C04F79EFBC}") = "TestProject1", "TestProject1\TestProject1.csproj", "{B25CC4DB-7DF2-4B95-95C1-B43BA1806710}"
EndProject
Global
	GlobalSection(SolutionConfigurationPlatforms) = preSolution
		Debug|Any CPU = Debug|Any CPU
		Release|Any CPU = Release|Any CPU
	EndGlobalSection
	GlobalSection(ProjectConfigurationPlatforms) = postSolution
		{DCC0CAB8-B457-4423-A629-7FDF2646E775}.Debug|Any CPU.ActiveCfg = Debug|Any CPU
		{DCC0CAB8-B457-4423-A629-7FDF2646E775}.Debug|Any CPU.Build.0 = Debug|Any CPU
		{DCC0CAB8-B457-4423-A629-7FDF2646E775}.Release|Any CPU.ActiveCfg = Release|Any CPU
		{DCC0CAB8-B457-4423-A629-7FDF2646E775}.Release|Any CPU.Build.0 = Release|Any CPU
		{B25CC4DB-7DF2-4B95-95C1-B43BA1806710}.Debug|Any CPU.ActiveCfg = Debug|Any CPU
		{B25CC4DB-7DF2-4B95-95C1-B43BA1806710}.Debug|Any CPU.Build.0 = Debug|Any CPU
		{B25CC4DB-7DF2-4B95-95C1-B43BA1806710}.Release|Any CPU.ActiveCfg = Release|Any CPU
		{B25CC4DB-7DF2-4B95-95C1-B43BA1806710}.Release|Any CPU.Build.0 = Release|Any CPU
	EndGlobalSection
	GlobalSection(SolutionProperties) = preSolution
		HideSolutionNode = FALSE
	EndGlobalSection
	GlobalSection(ExtensibilityGlobals) = postSolution
		SolutionGuid = {930D20CA-DEF6-4477-A814-54F766C3508C}
	EndGlobalSection
EndGlobal
